// !$*UTF8*$!
{
	archiveVersion = 1;
	classes = {
	};
	objectVersion = 48;
	objects = {

/* Begin PBXBuildFile section */
		BD39D8A5204BE7F4000F5080 /* AppDelegate.swift in Sources */ = {isa = PBXBuildFile; fileRef = BD39D8A4204BE7F4000F5080 /* AppDelegate.swift */; };
		BD39D8A7204BE7F4000F5080 /* ViewController.swift in Sources */ = {isa = PBXBuildFile; fileRef = BD39D8A6204BE7F4000F5080 /* ViewController.swift */; };
		BD39D8AA204BE7F4000F5080 /* Main.storyboard in Resources */ = {isa = PBXBuildFile; fileRef = BD39D8A8204BE7F4000F5080 /* Main.storyboard */; };
		BD39D8AC204BE7F4000F5080 /* Assets.xcassets in Resources */ = {isa = PBXBuildFile; fileRef = BD39D8AB204BE7F4000F5080 /* Assets.xcassets */; };
		BD39D8AF204BE7F4000F5080 /* LaunchScreen.storyboard in Resources */ = {isa = PBXBuildFile; fileRef = BD39D8AD204BE7F4000F5080 /* LaunchScreen.storyboard */; };
		BD39D8BA204BE7F4000F5080 /* __1Tests.swift in Sources */ = {isa = PBXBuildFile; fileRef = BD39D8B9204BE7F4000F5080 /* __1Tests.swift */; };
		BD39D8C5204BE7F4000F5080 /* __1UITests.swift in Sources */ = {isa = PBXBuildFile; fileRef = BD39D8C4204BE7F4000F5080 /* __1UITests.swift */; };
/* End PBXBuildFile section */

/* Begin PBXContainerItemProxy section */
		BD39D8B6204BE7F4000F5080 /* PBXContainerItemProxy */ = {
			isa = PBXContainerItemProxy;
			containerPortal = BD39D899204BE7F4000F5080 /* Project object */;
			proxyType = 1;
			remoteGlobalIDString = BD39D8A0204BE7F4000F5080;
			remoteInfo = "3-1";
		};
		BD39D8C1204BE7F4000F5080 /* PBXContainerItemProxy */ = {
			isa = PBXContainerItemProxy;
			containerPortal = BD39D899204BE7F4000F5080 /* Project object */;
			proxyType = 1;
			remoteGlobalIDString = BD39D8A0204BE7F4000F5080;
			remoteInfo = "3-1";
		};
/* End PBXContainerItemProxy section */

/* Begin PBXFileReference section */
		BD39D8A1204BE7F4000F5080 /* 3-1.app */ = {isa = PBXFileReference; explicitFileType = wrapper.application; includeInIndex = 0; path = "3-1.app"; sourceTree = BUILT_PRODUCTS_DIR; };
		BD39D8A4204BE7F4000F5080 /* AppDelegate.swift */ = {isa = PBXFileReference; lastKnownFileType = sourcecode.swift; path = AppDelegate.swift; sourceTree = "<group>"; };
		BD39D8A6204BE7F4000F5080 /* ViewController.swift */ = {isa = PBXFileReference; lastKnownFileType = sourcecode.swift; path = ViewController.swift; sourceTree = "<group>"; };
		BD39D8A9204BE7F4000F5080 /* Base */ = {isa = PBXFileReference; lastKnownFileType = file.storyboard; name = Base; path = Base.lproj/Main.storyboard; sourceTree = "<group>"; };
		BD39D8AB204BE7F4000F5080 /* Assets.xcassets */ = {isa = PBXFileReference; lastKnownFileType = folder.assetcatalog; path = Assets.xcassets; sourceTree = "<group>"; };
		BD39D8AE204BE7F4000F5080 /* Base */ = {isa = PBXFileReference; lastKnownFileType = file.storyboard; name = Base; path = Base.lproj/LaunchScreen.storyboard; sourceTree = "<group>"; };
		BD39D8B0204BE7F4000F5080 /* Info.plist */ = {isa = PBXFileReference; lastKnownFileType = text.plist.xml; path = Info.plist; sourceTree = "<group>"; };
		BD39D8B5204BE7F4000F5080 /* 3-1Tests.xctest */ = {isa = PBXFileReference; explicitFileType = wrapper.cfbundle; includeInIndex = 0; path = "3-1Tests.xctest"; sourceTree = BUILT_PRODUCTS_DIR; };
		BD39D8B9204BE7F4000F5080 /* __1Tests.swift */ = {isa = PBXFileReference; lastKnownFileType = sourcecode.swift; path = __1Tests.swift; sourceTree = "<group>"; };
		BD39D8BB204BE7F4000F5080 /* Info.plist */ = {isa = PBXFileReference; lastKnownFileType = text.plist.xml; path = Info.plist; sourceTree = "<group>"; };
		BD39D8C0204BE7F4000F5080 /* 3-1UITests.xctest */ = {isa = PBXFileReference; explicitFileType = wrapper.cfbundle; includeInIndex = 0; path = "3-1UITests.xctest"; sourceTree = BUILT_PRODUCTS_DIR; };
		BD39D8C4204BE7F4000F5080 /* __1UITests.swift */ = {isa = PBXFileReference; lastKnownFileType = sourcecode.swift; path = __1UITests.swift; sourceTree = "<group>"; };
		BD39D8C6204BE7F4000F5080 /* Info.plist */ = {isa = PBXFileReference; lastKnownFileType = text.plist.xml; path = Info.plist; sourceTree = "<group>"; };
/* End PBXFileReference section */

/* Begin PBXFrameworksBuildPhase section */
		BD39D89E204BE7F4000F5080 /* Frameworks */ = {
			isa = PBXFrameworksBuildPhase;
			buildActionMask = 2147483647;
			files = (
			);
			runOnlyForDeploymentPostprocessing = 0;
		};
		BD39D8B2204BE7F4000F5080 /* Frameworks */ = {
			isa = PBXFrameworksBuildPhase;
			buildActionMask = 2147483647;
			files = (
			);
			runOnlyForDeploymentPostprocessing = 0;
		};
		BD39D8BD204BE7F4000F5080 /* Frameworks */ = {
			isa = PBXFrameworksBuildPhase;
			buildActionMask = 2147483647;
			files = (
			);
			runOnlyForDeploymentPostprocessing = 0;
		};
/* End PBXFrameworksBuildPhase section */

/* Begin PBXGroup section */
		BD39D898204BE7F4000F5080 = {
			isa = PBXGroup;
			children = (
				BD39D8A3204BE7F4000F5080 /* 3-1 */,
				BD39D8B8204BE7F4000F5080 /* 3-1Tests */,
				BD39D8C3204BE7F4000F5080 /* 3-1UITests */,
				BD39D8A2204BE7F4000F5080 /* Products */,
			);
			sourceTree = "<group>";
		};
		BD39D8A2204BE7F4000F5080 /* Products */ = {
			isa = PBXGroup;
			children = (
				BD39D8A1204BE7F4000F5080 /* 3-1.app */,
				BD39D8B5204BE7F4000F5080 /* 3-1Tests.xctest */,
				BD39D8C0204BE7F4000F5080 /* 3-1UITests.xctest */,
			);
			name = Products;
			sourceTree = "<group>";
		};
		BD39D8A3204BE7F4000F5080 /* 3-1 */ = {
			isa = PBXGroup;
			children = (
				BD39D8A4204BE7F4000F5080 /* AppDelegate.swift */,
				BD39D8A6204BE7F4000F5080 /* ViewController.swift */,
				BD39D8A8204BE7F4000F5080 /* Main.storyboard */,
				BD39D8AB204BE7F4000F5080 /* Assets.xcassets */,
				BD39D8AD204BE7F4000F5080 /* LaunchScreen.storyboard */,
				BD39D8B0204BE7F4000F5080 /* Info.plist */,
			);
			path = "3-1";
			sourceTree = "<group>";
		};
		BD39D8B8204BE7F4000F5080 /* 3-1Tests */ = {
			isa = PBXGroup;
			children = (
				BD39D8B9204BE7F4000F5080 /* __1Tests.swift */,
				BD39D8BB204BE7F4000F5080 /* Info.plist */,
			);
			path = "3-1Tests";
			sourceTree = "<group>";
		};
		BD39D8C3204BE7F4000F5080 /* 3-1UITests */ = {
			isa = PBXGroup;
			children = (
				BD39D8C4204BE7F4000F5080 /* __1UITests.swift */,
				BD39D8C6204BE7F4000F5080 /* Info.plist */,
			);
			path = "3-1UITests";
			sourceTree = "<group>";
		};
/* End PBXGroup section */

/* Begin PBXNativeTarget section */
		BD39D8A0204BE7F4000F5080 /* 3-1 */ = {
			isa = PBXNativeTarget;
			buildConfigurationList = BD39D8C9204BE7F4000F5080 /* Build configuration list for PBXNativeTarget "3-1" */;
			buildPhases = (
				BD39D89D204BE7F4000F5080 /* Sources */,
				BD39D89E204BE7F4000F5080 /* Frameworks */,
				BD39D89F204BE7F4000F5080 /* Resources */,
			);
			buildRules = (
			);
			dependencies = (
			);
			name = "3-1";
			productName = "3-1";
			productReference = BD39D8A1204BE7F4000F5080 /* 3-1.app */;
			productType = "com.apple.product-type.application";
		};
		BD39D8B4204BE7F4000F5080 /* 3-1Tests */ = {
			isa = PBXNativeTarget;
			buildConfigurationList = BD39D8CC204BE7F4000F5080 /* Build configuration list for PBXNativeTarget "3-1Tests" */;
			buildPhases = (
				BD39D8B1204BE7F4000F5080 /* Sources */,
				BD39D8B2204BE7F4000F5080 /* Frameworks */,
				BD39D8B3204BE7F4000F5080 /* Resources */,
			);
			buildRules = (
			);
			dependencies = (
				BD39D8B7204BE7F4000F5080 /* PBXTargetDependency */,
			);
			name = "3-1Tests";
			productName = "3-1Tests";
			productReference = BD39D8B5204BE7F4000F5080 /* 3-1Tests.xctest */;
			productType = "com.apple.product-type.bundle.unit-test";
		};
		BD39D8BF204BE7F4000F5080 /* 3-1UITests */ = {
			isa = PBXNativeTarget;
			buildConfigurationList = BD39D8CF204BE7F4000F5080 /* Build configuration list for PBXNativeTarget "3-1UITests" */;
			buildPhases = (
				BD39D8BC204BE7F4000F5080 /* Sources */,
				BD39D8BD204BE7F4000F5080 /* Frameworks */,
				BD39D8BE204BE7F4000F5080 /* Resources */,
			);
			buildRules = (
			);
			dependencies = (
				BD39D8C2204BE7F4000F5080 /* PBXTargetDependency */,
			);
			name = "3-1UITests";
			productName = "3-1UITests";
			productReference = BD39D8C0204BE7F4000F5080 /* 3-1UITests.xctest */;
			productType = "com.apple.product-type.bundle.ui-testing";
		};
/* End PBXNativeTarget section */

/* Begin PBXProject section */
		BD39D899204BE7F4000F5080 /* Project object */ = {
			isa = PBXProject;
			attributes = {
				LastSwiftUpdateCheck = 0920;
				LastUpgradeCheck = 0920;
				ORGANIZATIONNAME = "许玥";
				TargetAttributes = {
					BD39D8A0204BE7F4000F5080 = {
						CreatedOnToolsVersion = 9.2;
						ProvisioningStyle = Automatic;
					};
					BD39D8B4204BE7F4000F5080 = {
						CreatedOnToolsVersion = 9.2;
						ProvisioningStyle = Automatic;
						TestTargetID = BD39D8A0204BE7F4000F5080;
					};
					BD39D8BF204BE7F4000F5080 = {
						CreatedOnToolsVersion = 9.2;
						ProvisioningStyle = Automatic;
						TestTargetID = BD39D8A0204BE7F4000F5080;
					};
				};
			};
			buildConfigurationList = BD39D89C204BE7F4000F5080 /* Build configuration list for PBXProject "3-1" */;
			compatibilityVersion = "Xcode 8.0";
			developmentRegion = en;
			hasScannedForEncodings = 0;
			knownRegions = (
				en,
				Base,
			);
			mainGroup = BD39D898204BE7F4000F5080;
			productRefGroup = BD39D8A2204BE7F4000F5080 /* Products */;
			projectDirPath = "";
			projectRoot = "";
			targets = (
				BD39D8A0204BE7F4000F5080 /* 3-1 */,
				BD39D8B4204BE7F4000F5080 /* 3-1Tests */,
				BD39D8BF204BE7F4000F5080 /* 3-1UITests */,
			);
		};
/* End PBXProject section */

/* Begin PBXResourcesBuildPhase section */
		BD39D89F204BE7F4000F5080 /* Resources */ = {
			isa = PBXResourcesBuildPhase;
			buildActionMask = 2147483647;
			files = (
				BD39D8AF204BE7F4000F5080 /* LaunchScreen.storyboard in Resources */,
				BD39D8AC204BE7F4000F5080 /* Assets.xcassets in Resources */,
				BD39D8AA204BE7F4000F5080 /* Main.storyboard in Resources */,
			);
			runOnlyForDeploymentPostprocessing = 0;
		};
		BD39D8B3204BE7F4000F5080 /* Resources */ = {
			isa = PBXResourcesBuildPhase;
			buildActionMask = 2147483647;
			files = (
			);
			runOnlyForDeploymentPostprocessing = 0;
		};
		BD39D8BE204BE7F4000F5080 /* Resources */ = {
			isa = PBXResourcesBuildPhase;
			buildActionMask = 2147483647;
			files = (
			);
			runOnlyForDeploymentPostprocessing = 0;
		};
/* End PBXResourcesBuildPhase section */

/* Begin PBXSourcesBuildPhase section */
		BD39D89D204BE7F4000F5080 /* Sources */ = {
			isa = PBXSourcesBuildPhase;
			buildActionMask = 2147483647;
			files = (
				BD39D8A7204BE7F4000F5080 /* ViewController.swift in Sources */,
				BD39D8A5204BE7F4000F5080 /* AppDelegate.swift in Sources */,
			);
			runOnlyForDeploymentPostprocessing = 0;
		};
		BD39D8B1204BE7F4000F5080 /* Sources */ = {
			isa = PBXSourcesBuildPhase;
			buildActionMask = 2147483647;
			files = (
				BD39D8BA204BE7F4000F5080 /* __1Tests.swift in Sources */,
			);
			runOnlyForDeploymentPostprocessing = 0;
		};
		BD39D8BC204BE7F4000F5080 /* Sources */ = {
			isa = PBXSourcesBuildPhase;
			buildActionMask = 2147483647;
			files = (
				BD39D8C5204BE7F4000F5080 /* __1UITests.swift in Sources */,
			);
			runOnlyForDeploymentPostprocessing = 0;
		};
/* End PBXSourcesBuildPhase section */

/* Begin PBXTargetDependency section */
		BD39D8B7204BE7F4000F5080 /* PBXTargetDependency */ = {
			isa = PBXTargetDependency;
			target = BD39D8A0204BE7F4000F5080 /* 3-1 */;
			targetProxy = BD39D8B6204BE7F4000F5080 /* PBXContainerItemProxy */;
		};
		BD39D8C2204BE7F4000F5080 /* PBXTargetDependency */ = {
			isa = PBXTargetDependency;
			target = BD39D8A0204BE7F4000F5080 /* 3-1 */;
			targetProxy = BD39D8C1204BE7F4000F5080 /* PBXContainerItemProxy */;
		};
/* End PBXTargetDependency section */

/* Begin PBXVariantGroup section */
		BD39D8A8204BE7F4000F5080 /* Main.storyboard */ = {
			isa = PBXVariantGroup;
			children = (
				BD39D8A9204BE7F4000F5080 /* Base */,
			);
			name = Main.storyboard;
			sourceTree = "<group>";
		};
		BD39D8AD204BE7F4000F5080 /* LaunchScreen.storyboard */ = {
			isa = PBXVariantGroup;
			children = (
				BD39D8AE204BE7F4000F5080 /* Base */,
			);
			name = LaunchScreen.storyboard;
			sourceTree = "<group>";
		};
/* End PBXVariantGroup section */

/* Begin XCBuildConfiguration section */
		BD39D8C7204BE7F4000F5080 /* Debug */ = {
			isa = XCBuildConfiguration;
			buildSettings = {
				ALWAYS_SEARCH_USER_PATHS = NO;
				CLANG_ANALYZER_NONNULL = YES;
				CLANG_ANALYZER_NUMBER_OBJECT_CONVERSION = YES_AGGRESSIVE;
				CLANG_CXX_LANGUAGE_STANDARD = "gnu++14";
				CLANG_CXX_LIBRARY = "libc++";
				CLANG_ENABLE_MODULES = YES;
				CLANG_ENABLE_OBJC_ARC = YES;
				CLANG_WARN_BLOCK_CAPTURE_AUTORELEASING = YES;
				CLANG_WARN_BOOL_CONVERSION = YES;
				CLANG_WARN_COMMA = YES;
				CLANG_WARN_CONSTANT_CONVERSION = YES;
				CLANG_WARN_DIRECT_OBJC_ISA_USAGE = YES_ERROR;
				CLANG_WARN_DOCUMENTATION_COMMENTS = YES;
				CLANG_WARN_EMPTY_BODY = YES;
				CLANG_WARN_ENUM_CONVERSION = YES;
				CLANG_WARN_INFINITE_RECURSION = YES;
				CLANG_WARN_INT_CONVERSION = YES;
				CLANG_WARN_NON_LITERAL_NULL_CONVERSION = YES;
				CLANG_WARN_OBJC_LITERAL_CONVERSION = YES;
				CLANG_WARN_OBJC_ROOT_CLASS = YES_ERROR;
				CLANG_WARN_RANGE_LOOP_ANALYSIS = YES;
				CLANG_WARN_STRICT_PROTOTYPES = YES;
				CLANG_WARN_SUSPICIOUS_MOVE = YES;
				CLANG_WARN_UNGUARDED_AVAILABILITY = YES_AGGRESSIVE;
				CLANG_WARN_UNREACHABLE_CODE = YES;
				CLANG_WARN__DUPLICATE_METHOD_MATCH = YES;
				CODE_SIGN_IDENTITY = "iPhone Developer";
				COPY_PHASE_STRIP = NO;
				DEBUG_INFORMATION_FORMAT = dwarf;
				ENABLE_STRICT_OBJC_MSGSEND = YES;
				ENABLE_TESTABILITY = YES;
				GCC_C_LANGUAGE_STANDARD = gnu11;
				GCC_DYNAMIC_NO_PIC = NO;
				GCC_NO_COMMON_BLOCKS = YES;
				GCC_OPTIMIZATION_LEVEL = 0;
				GCC_PREPROCESSOR_DEFINITIONS = (
					"DEBUG=1",
					"$(inherited)",
				);
				GCC_WARN_64_TO_32_BIT_CONVERSION = YES;
				GCC_WARN_ABOUT_RETURN_TYPE = YES_ERROR;
				GCC_WARN_UNDECLARED_SELECTOR = YES;
				GCC_WARN_UNINITIALIZED_AUTOS = YES_AGGRESSIVE;
				GCC_WARN_UNUSED_FUNCTION = YES;
				GCC_WARN_UNUSED_VARIABLE = YES;
				IPHONEOS_DEPLOYMENT_TARGET = 11.2;
				MTL_ENABLE_DEBUG_INFO = YES;
				ONLY_ACTIVE_ARCH = YES;
				SDKROOT = iphoneos;
				SWIFT_ACTIVE_COMPILATION_CONDITIONS = DEBUG;
				SWIFT_OPTIMIZATION_LEVEL = "-Onone";
			};
			name = Debug;
		};
		BD39D8C8204BE7F4000F5080 /* Release */ = {
			isa = XCBuildConfiguration;
			buildSettings = {
				ALWAYS_SEARCH_USER_PATHS = NO;
				CLANG_ANALYZER_NONNULL = YES;
				CLANG_ANALYZER_NUMBER_OBJECT_CONVERSION = YES_AGGRESSIVE;
				CLANG_CXX_LANGUAGE_STANDARD = "gnu++14";
				CLANG_CXX_LIBRARY = "libc++";
				CLANG_ENABLE_MODULES = YES;
				CLANG_ENABLE_OBJC_ARC = YES;
				CLANG_WARN_BLOCK_CAPTURE_AUTORELEASING = YES;
				CLANG_WARN_BOOL_CONVERSION = YES;
				CLANG_WARN_COMMA = YES;
				CLANG_WARN_CONSTANT_CONVERSION = YES;
				CLANG_WARN_DIRECT_OBJC_ISA_USAGE = YES_ERROR;
				CLANG_WARN_DOCUMENTATION_COMMENTS = YES;
				CLANG_WARN_EMPTY_BODY = YES;
				CLANG_WARN_ENUM_CONVERSION = YES;
				CLANG_WARN_INFINITE_RECURSION = YES;
				CLANG_WARN_INT_CONVERSION = YES;
				CLANG_WARN_NON_LITERAL_NULL_CONVERSION = YES;
				CLANG_WARN_OBJC_LITERAL_CONVERSION = YES;
				CLANG_WARN_OBJC_ROOT_CLASS = YES_ERROR;
				CLANG_WARN_RANGE_LOOP_ANALYSIS = YES;
				CLANG_WARN_STRICT_PROTOTYPES = YES;
				CLANG_WARN_SUSPICIOUS_MOVE = YES;
				CLANG_WARN_UNGUARDED_AVAILABILITY = YES_AGGRESSIVE;
				CLANG_WARN_UNREACHABLE_CODE = YES;
				CLANG_WARN__DUPLICATE_METHOD_MATCH = YES;
				CODE_SIGN_IDENTITY = "iPhone Developer";
				COPY_PHASE_STRIP = NO;
				DEBUG_INFORMATION_FORMAT = "dwarf-with-dsym";
				ENABLE_NS_ASSERTIONS = NO;
				ENABLE_STRICT_OBJC_MSGSEND = YES;
				GCC_C_LANGUAGE_STANDARD = gnu11;
				GCC_NO_COMMON_BLOCKS = YES;
				GCC_WARN_64_TO_32_BIT_CONVERSION = YES;
				GCC_WARN_ABOUT_RETURN_TYPE = YES_ERROR;
				GCC_WARN_UNDECLARED_SELECTOR = YES;
				GCC_WARN_UNINITIALIZED_AUTOS = YES_AGGRESSIVE;
				GCC_WARN_UNUSED_FUNCTION = YES;
				GCC_WARN_UNUSED_VARIABLE = YES;
				IPHONEOS_DEPLOYMENT_TARGET = 11.2;
				MTL_ENABLE_DEBUG_INFO = NO;
				SDKROOT = iphoneos;
				SWIFT_OPTIMIZATION_LEVEL = "-Owholemodule";
				VALIDATE_PRODUCT = YES;
			};
			name = Release;
		};
		BD39D8CA204BE7F4000F5080 /* Debug */ = {
			isa = XCBuildConfiguration;
			buildSettings = {
				ASSETCATALOG_COMPILER_APPICON_NAME = AppIcon;
				CODE_SIGN_STYLE = Automatic;
				INFOPLIST_FILE = "3-1/Info.plist";
				LD_RUNPATH_SEARCH_PATHS = "$(inherited) @executable_path/Frameworks";
				PRODUCT_BUNDLE_IDENTIFIER = "architect.--1";
				PRODUCT_NAME = "$(TARGET_NAME)";
				SWIFT_VERSION = 4.0;
				TARGETED_DEVICE_FAMILY = "1,2";
			};
			name = Debug;
		};
		BD39D8CB204BE7F4000F5080 /* Release */ = {
			isa = XCBuildConfiguration;
			buildSettings = {
				ASSETCATALOG_COMPILER_APPICON_NAME = AppIcon;
				CODE_SIGN_STYLE = Automatic;
				INFOPLIST_FILE = "3-1/Info.plist";
				LD_RUNPATH_SEARCH_PATHS = "$(inherited) @executable_path/Frameworks";
				PRODUCT_BUNDLE_IDENTIFIER = "architect.--1";
				PRODUCT_NAME = "$(TARGET_NAME)";
				SWIFT_VERSION = 4.0;
				TARGETED_DEVICE_FAMILY = "1,2";
			};
			name = Release;
		};
		BD39D8CD204BE7F4000F5080 /* Debug */ = {
			isa = XCBuildConfiguration;
			buildSettings = {
				ALWAYS_EMBED_SWIFT_STANDARD_LIBRARIES = YES;
				BUNDLE_LOADER = "$(TEST_HOST)";
				CODE_SIGN_STYLE = Automatic;
				INFOPLIST_FILE = "3-1Tests/Info.plist";
				LD_RUNPATH_SEARCH_PATHS = "$(inherited) @executable_path/Frameworks @loader_path/Frameworks";
				PRODUCT_BUNDLE_IDENTIFIER = "architect.--1Tests";
				PRODUCT_NAME = "$(TARGET_NAME)";
				SWIFT_VERSION = 4.0;
				TARGETED_DEVICE_FAMILY = "1,2";
				TEST_HOST = "$(BUILT_PRODUCTS_DIR)/3-1.app/3-1";
			};
			name = Debug;
		};
		BD39D8CE204BE7F4000F5080 /* Release */ = {
			isa = XCBuildConfiguration;
			buildSettings = {
				ALWAYS_EMBED_SWIFT_STANDARD_LIBRARIES = YES;
				BUNDLE_LOADER = "$(TEST_HOST)";
				CODE_SIGN_STYLE = Automatic;
				INFOPLIST_FILE = "3-1Tests/Info.plist";
				LD_RUNPATH_SEARCH_PATHS = "$(inherited) @executable_path/Frameworks @loader_path/Frameworks";
				PRODUCT_BUNDLE_IDENTIFIER = "architect.--1Tests";
				PRODUCT_NAME = "$(TARGET_NAME)";
				SWIFT_VERSION = 4.0;
				TARGETED_DEVICE_FAMILY = "1,2";
				TEST_HOST = "$(BUILT_PRODUCTS_DIR)/3-1.app/3-1";
			};
			name = Release;
		};
		BD39D8D0204BE7F4000F5080 /* Debug */ = {
			isa = XCBuildConfiguration;
			buildSettings = {
				ALWAYS_EMBED_SWIFT_STANDARD_LIBRARIES = YES;
				CODE_SIGN_STYLE = Automatic;
				INFOPLIST_FILE = "3-1UITests/Info.plist";
				LD_RUNPATH_SEARCH_PATHS = "$(inherited) @executable_path/Frameworks @loader_path/Frameworks";
				PRODUCT_BUNDLE_IDENTIFIER = "architect.--1UITests";
				PRODUCT_NAME = "$(TARGET_NAME)";
				SWIFT_VERSION = 4.0;
				TARGETED_DEVICE_FAMILY = "1,2";
				TEST_TARGET_NAME = "3-1";
			};
			name = Debug;
		};
		BD39D8D1204BE7F4000F5080 /* Release */ = {
			isa = XCBuildConfiguration;
			buildSettings = {
				ALWAYS_EMBED_SWIFT_STANDARD_LIBRARIES = YES;
				CODE_SIGN_STYLE = Automatic;
				INFOPLIST_FILE = "3-1UITests/Info.plist";
				LD_RUNPATH_SEARCH_PATHS = "$(inherited) @executable_path/Frameworks @loader_path/Frameworks";
				PRODUCT_BUNDLE_IDENTIFIER = "architect.--1UITests";
				PRODUCT_NAME = "$(TARGET_NAME)";
				SWIFT_VERSION = 4.0;
				TARGETED_DEVICE_FAMILY = "1,2";
				TEST_TARGET_NAME = "3-1";
			};
			name = Release;
		};
/* End XCBuildConfiguration section */

/* Begin XCConfigurationList section */
		BD39D89C204BE7F4000F5080 /* Build configuration list for PBXProject "3-1" */ = {
			isa = XCConfigurationList;
			buildConfigurations = (
				BD39D8C7204BE7F4000F5080 /* Debug */,
				BD39D8C8204BE7F4000F5080 /* Release */,
			);
			defaultConfigurationIsVisible = 0;
			defaultConfigurationName = Release;
		};
		BD39D8C9204BE7F4000F5080 /* Build configuration list for PBXNativeTarget "3-1" */ = {
			isa = XCConfigurationList;
			buildConfigurations = (
				BD39D8CA204BE7F4000F5080 /* Debug */,
				BD39D8CB204BE7F4000F5080 /* Release */,
			);
			defaultConfigurationIsVisible = 0;
			defaultConfigurationName = Release;
		};
		BD39D8CC204BE7F4000F5080 /* Build configuration list for PBXNativeTarget "3-1Tests" */ = {
			isa = XCConfigurationList;
			buildConfigurations = (
				BD39D8CD204BE7F4000F5080 /* Debug */,
				BD39D8CE204BE7F4000F5080 /* Release */,
			);
			defaultConfigurationIsVisible = 0;
			defaultConfigurationName = Release;
		};
		BD39D8CF204BE7F4000F5080 /* Build configuration list for PBXNativeTarget "3-1UITests" */ = {
			isa = XCConfigurationList;
			buildConfigurations = (
				BD39D8D0204BE7F4000F5080 /* Debug */,
				BD39D8D1204BE7F4000F5080 /* Release */,
			);
			defaultConfigurationIsVisible = 0;
			defaultConfigurationName = Release;
		};
/* End XCConfigurationList section */
	};
	rootObject = BD39D899204BE7F4000F5080 /* Project object */;
}
